
Microsoft Visual Studio Solution File, Format Version 12.00
# Visual Studio 15
VisualStudioVersion = 15.0.27703.2042
MinimumVisualStudioVersion = 10.0.40219.1
Project("{FAE04EC0-301F-11D3-BF4B-00C04F79EFBC}") = "AppLogin.Android", "AppLogin\AppLogin.Android\AppLogin.Android.csproj", "{24BBCB3A-190F-4ED7-A63C-B879246B0563}"
EndProject
Project("{FAE04EC0-301F-11D3-BF4B-00C04F79EFBC}") = "AppLogin.iOS", "AppLogin\AppLogin.iOS\AppLogin.iOS.csproj", "{ABD3CBB6-591F-4823-8B8A-EA6F2B6E01B4}"
EndProject
Project("{FAE04EC0-301F-11D3-BF4B-00C04F79EFBC}") = "AppLogin.UWP", "AppLogin\AppLogin.UWP\AppLogin.UWP.csproj", "{6F018DFC-FF59-47E9-B272-8BD38C57AA73}"
EndProject
Project("{9A19103F-16F7-4668-BE54-9A1E7A4F7556}") = "AppLogin", "AppLogin\AppLogin\AppLogin.csproj", "{FED3AE09-B294-4736-B8BB-8229CC4914C9}"
EndProject
Global
	GlobalSection(SolutionConfigurationPlatforms) = preSolution
		Debug|Any CPU = Debug|Any CPU
		Debug|ARM = Debug|ARM
		Debug|iPhone = Debug|iPhone
		Debug|iPhoneSimulator = Debug|iPhoneSimulator
		Debug|x64 = Debug|x64
		Debug|x86 = Debug|x86
		Release|Any CPU = Release|Any CPU
		Release|ARM = Release|ARM
		Release|iPhone = Release|iPhone
		Release|iPhoneSimulator = Release|iPhoneSimulator
		Release|x64 = Release|x64
		Release|x86 = Release|x86
	EndGlobalSection
	GlobalSection(ProjectConfigurationPlatforms) = postSolution
		{24BBCB3A-190F-4ED7-A63C-B879246B0563}.Debug|Any CPU.ActiveCfg = Debug|Any CPU
		{24BBCB3A-190F-4ED7-A63C-B879246B0563}.Debug|Any CPU.Build.0 = Debug|Any CPU
		{24BBCB3A-190F-4ED7-A63C-B879246B0563}.Debug|Any CPU.Deploy.0 = Debug|Any CPU
		{24BBCB3A-190F-4ED7-A63C-B879246B0563}.Debug|ARM.ActiveCfg = Debug|Any CPU
		{24BBCB3A-190F-4ED7-A63C-B879246B0563}.Debug|ARM.Build.0 = Debug|Any CPU
		{24BBCB3A-190F-4ED7-A63C-B879246B0563}.Debug|ARM.Deploy.0 = Debug|Any CPU
		{24BBCB3A-190F-4ED7-A63C-B879246B0563}.Debug|iPhone.ActiveCfg = Debug|Any CPU
		{24BBCB3A-190F-4ED7-A63C-B879246B0563}.Debug|iPhone.Build.0 = Debug|Any CPU
		{24BBCB3A-190F-4ED7-A63C-B879246B0563}.Debug|iPhone.Deploy.0 = Debug|Any CPU
		{24BBCB3A-190F-4ED7-A63C-B879246B0563}.Debug|iPhoneSimulator.ActiveCfg = Debug|Any CPU
		{24BBCB3A-190F-4ED7-A63C-B879246B0563}.Debug|iPhoneSimulator.Build.0 = Debug|Any CPU
		{24BBCB3A-190F-4ED7-A63C-B879246B0563}.Debug|iPhoneSimulator.Deploy.0 = Debug|Any CPU
		{24BBCB3A-190F-4ED7-A63C-B879246B0563}.Debug|x64.ActiveCfg = Debug|Any CPU
		{24BBCB3A-190F-4ED7-A63C-B879246B0563}.Debug|x64.Build.0 = Debug|Any CPU
		{24BBCB3A-190F-4ED7-A63C-B879246B0563}.Debug|x64.Deploy.0 = Debug|Any CPU
		{24BBCB3A-190F-4ED7-A63C-B879246B0563}.Debug|x86.ActiveCfg = Debug|Any CPU
		{24BBCB3A-190F-4ED7-A63C-B879246B0563}.Debug|x86.Build.0 = Debug|Any CPU
		{24BBCB3A-190F-4ED7-A63C-B879246B0563}.Debug|x86.Deploy.0 = Debug|Any CPU
		{24BBCB3A-190F-4ED7-A63C-B879246B0563}.Release|Any CPU.ActiveCfg = Release|Any CPU
		{24BBCB3A-190F-4ED7-A63C-B879246B0563}.Release|Any CPU.Build.0 = Release|Any CPU
		{24BBCB3A-190F-4ED7-A63C-B879246B0563}.Release|Any CPU.Deploy.0 = Release|Any CPU
		{24BBCB3A-190F-4ED7-A63C-B879246B0563}.Release|ARM.ActiveCfg = Release|Any CPU
		{24BBCB3A-190F-4ED7-A63C-B879246B0563}.Release|ARM.Build.0 = Release|Any CPU
		{24BBCB3A-190F-4ED7-A63C-B879246B0563}.Release|ARM.Deploy.0 = Release|Any CPU
		{24BBCB3A-190F-4ED7-A63C-B879246B0563}.Release|iPhone.ActiveCfg = Release|Any CPU
		{24BBCB3A-190F-4ED7-A63C-B879246B0563}.Release|iPhone.Build.0 = Release|Any CPU
		{24BBCB3A-190F-4ED7-A63C-B879246B0563}.Release|iPhone.Deploy.0 = Release|Any CPU
		{24BBCB3A-190F-4ED7-A63C-B879246B0563}.Release|iPhoneSimulator.ActiveCfg = Release|Any CPU
		{24BBCB3A-190F-4ED7-A63C-B879246B0563}.Release|iPhoneSimulator.Build.0 = Release|Any CPU
		{24BBCB3A-190F-4ED7-A63C-B879246B0563}.Release|iPhoneSimulator.Deploy.0 = Release|Any CPU
		{24BBCB3A-190F-4ED7-A63C-B879246B0563}.Release|x64.ActiveCfg = Release|Any CPU
		{24BBCB3A-190F-4ED7-A63C-B879246B0563}.Release|x64.Build.0 = Release|Any CPU
		{24BBCB3A-190F-4ED7-A63C-B879246B0563}.Release|x64.Deploy.0 = Release|Any CPU
		{24BBCB3A-190F-4ED7-A63C-B879246B0563}.Release|x86.ActiveCfg = Release|Any CPU
		{24BBCB3A-190F-4ED7-A63C-B879246B0563}.Release|x86.Build.0 = Release|Any CPU
		{24BBCB3A-190F-4ED7-A63C-B879246B0563}.Release|x86.Deploy.0 = Release|Any CPU
		{ABD3CBB6-591F-4823-8B8A-EA6F2B6E01B4}.Debug|Any CPU.ActiveCfg = Debug|iPhoneSimulator
		{ABD3CBB6-591F-4823-8B8A-EA6F2B6E01B4}.Debug|Any CPU.Build.0 = Debug|iPhoneSimulator
		{ABD3CBB6-591F-4823-8B8A-EA6F2B6E01B4}.Debug|Any CPU.Deploy.0 = Debug|iPhoneSimulator
		{ABD3CBB6-591F-4823-8B8A-EA6F2B6E01B4}.Debug|ARM.ActiveCfg = Debug|iPhone
		{ABD3CBB6-591F-4823-8B8A-EA6F2B6E01B4}.Debug|ARM.Build.0 = Debug|iPhone
		{ABD3CBB6-591F-4823-8B8A-EA6F2B6E01B4}.Debug|ARM.Deploy.0 = Debug|iPhone
		{ABD3CBB6-591F-4823-8B8A-EA6F2B6E01B4}.Debug|iPhone.ActiveCfg = Debug|iPhone
		{ABD3CBB6-591F-4823-8B8A-EA6F2B6E01B4}.Debug|iPhone.Build.0 = Debug|iPhone
		{ABD3CBB6-591F-4823-8B8A-EA6F2B6E01B4}.Debug|iPhone.Deploy.0 = Debug|iPhone
		{ABD3CBB6-591F-4823-8B8A-EA6F2B6E01B4}.Debug|iPhoneSimulator.ActiveCfg = Debug|iPhoneSimulator
		{ABD3CBB6-591F-4823-8B8A-EA6F2B6E01B4}.Debug|iPhoneSimulator.Build.0 = Debug|iPhoneSimulator
		{ABD3CBB6-591F-4823-8B8A-EA6F2B6E01B4}.Debug|iPhoneSimulator.Deploy.0 = Debug|iPhoneSimulator
		{ABD3CBB6-591F-4823-8B8A-EA6F2B6E01B4}.Debug|x64.ActiveCfg = Debug|iPhone
		{ABD3CBB6-591F-4823-8B8A-EA6F2B6E01B4}.Debug|x64.Build.0 = Debug|iPhone
		{ABD3CBB6-591F-4823-8B8A-EA6F2B6E01B4}.Debug|x64.Deploy.0 = Debug|iPhone
		{ABD3CBB6-591F-4823-8B8A-EA6F2B6E01B4}.Debug|x86.ActiveCfg = Debug|iPhone
		{ABD3CBB6-591F-4823-8B8A-EA6F2B6E01B4}.Debug|x86.Build.0 = Debug|iPhone
		{ABD3CBB6-591F-4823-8B8A-EA6F2B6E01B4}.Debug|x86.Deploy.0 = Debug|iPhone
		{ABD3CBB6-591F-4823-8B8A-EA6F2B6E01B4}.Release|Any CPU.ActiveCfg = Release|iPhone
		{ABD3CBB6-591F-4823-8B8A-EA6F2B6E01B4}.Release|Any CPU.Build.0 = Release|iPhone
		{ABD3CBB6-591F-4823-8B8A-EA6F2B6E01B4}.Release|Any CPU.Deploy.0 = Release|iPhone
		{ABD3CBB6-591F-4823-8B8A-EA6F2B6E01B4}.Release|ARM.ActiveCfg = Release|iPhone
		{ABD3CBB6-591F-4823-8B8A-EA6F2B6E01B4}.Release|ARM.Build.0 = Release|iPhone
		{ABD3CBB6-591F-4823-8B8A-EA6F2B6E01B4}.Release|ARM.Deploy.0 = Release|iPhone
		{ABD3CBB6-591F-4823-8B8A-EA6F2B6E01B4}.Release|iPhone.ActiveCfg = Release|iPhone
		{ABD3CBB6-591F-4823-8B8A-EA6F2B6E01B4}.Release|iPhone.Build.0 = Release|iPhone
		{ABD3CBB6-591F-4823-8B8A-EA6F2B6E01B4}.Release|iPhone.Deploy.0 = Release|iPhone
		{ABD3CBB6-591F-4823-8B8A-EA6F2B6E01B4}.Release|iPhoneSimulator.ActiveCfg = Release|iPhoneSimulator
		{ABD3CBB6-591F-4823-8B8A-EA6F2B6E01B4}.Release|iPhoneSimulator.Build.0 = Release|iPhoneSimulator
		{ABD3CBB6-591F-4823-8B8A-EA6F2B6E01B4}.Release|iPhoneSimulator.Deploy.0 = Release|iPhoneSimulator
		{ABD3CBB6-591F-4823-8B8A-EA6F2B6E01B4}.Release|x64.ActiveCfg = Release|iPhone
		{ABD3CBB6-591F-4823-8B8A-EA6F2B6E01B4}.Release|x64.Build.0 = Release|iPhone
		{ABD3CBB6-591F-4823-8B8A-EA6F2B6E01B4}.Release|x64.Deploy.0 = Release|iPhone
		{ABD3CBB6-591F-4823-8B8A-EA6F2B6E01B4}.Release|x86.ActiveCfg = Release|iPhone
		{ABD3CBB6-591F-4823-8B8A-EA6F2B6E01B4}.Release|x86.Build.0 = Release|iPhone
		{ABD3CBB6-591F-4823-8B8A-EA6F2B6E01B4}.Release|x86.Deploy.0 = Release|iPhone
		{6F018DFC-FF59-47E9-B272-8BD38C57AA73}.Debug|Any CPU.ActiveCfg = Debug|x86
		{6F018DFC-FF59-47E9-B272-8BD38C57AA73}.Debug|Any CPU.Build.0 = Debug|x86
		{6F018DFC-FF59-47E9-B272-8BD38C57AA73}.Debug|Any CPU.Deploy.0 = Debug|x86
		{6F018DFC-FF59-47E9-B272-8BD38C57AA73}.Debug|ARM.ActiveCfg = Debug|ARM
		{6F018DFC-FF59-47E9-B272-8BD38C57AA73}.Debug|ARM.Build.0 = Debug|ARM
		{6F018DFC-FF59-47E9-B272-8BD38C57AA73}.Debug|ARM.Deploy.0 = Debug|ARM
		{6F018DFC-FF59-47E9-B272-8BD38C57AA73}.Debug|iPhone.ActiveCfg = Debug|x86
		{6F018DFC-FF59-47E9-B272-8BD38C57AA73}.Debug|iPhone.Build.0 = Debug|x86
		{6F018DFC-FF59-47E9-B272-8BD38C57AA73}.Debug|iPhone.Deploy.0 = Debug|x86
		{6F018DFC-FF59-47E9-B272-8BD38C57AA73}.Debug|iPhoneSimulator.ActiveCfg = Debug|x86
		{6F018DFC-FF59-47E9-B272-8BD38C57AA73}.Debug|iPhoneSimulator.Build.0 = Debug|x86
		{6F018DFC-FF59-47E9-B272-8BD38C57AA73}.Debug|iPhoneSimulator.Deploy.0 = Debug|x86
		{6F018DFC-FF59-47E9-B272-8BD38C57AA73}.Debug|x64.ActiveCfg = Debug|x64
		{6F018DFC-FF59-47E9-B272-8BD38C57AA73}.Debug|x64.Build.0 = Debug|x64
		{6F018DFC-FF59-47E9-B272-8BD38C57AA73}.Debug|x64.Deploy.0 = Debug|x64
		{6F018DFC-FF59-47E9-B272-8BD38C57AA73}.Debug|x86.ActiveCfg = Debug|x86
		{6F018DFC-FF59-47E9-B272-8BD38C57AA73}.Debug|x86.Build.0 = Debug|x86
		{6F018DFC-FF59-47E9-B272-8BD38C57AA73}.Debug|x86.Deploy.0 = Debug|x86
		{6F018DFC-FF59-47E9-B272-8BD38C57AA73}.Release|Any CPU.ActiveCfg = Release|x86
		{6F018DFC-FF59-47E9-B272-8BD38C57AA73}.Release|Any CPU.Build.0 = Release|x86
		{6F018DFC-FF59-47E9-B272-8BD38C57AA73}.Release|Any CPU.Deploy.0 = Release|x86
		{6F018DFC-FF59-47E9-B272-8BD38C57AA73}.Release|ARM.ActiveCfg = Release|ARM
		{6F018DFC-FF59-47E9-B272-8BD38C57AA73}.Release|ARM.Build.0 = Release|ARM
		{6F018DFC-FF59-47E9-B272-8BD38C57AA73}.Release|ARM.Deploy.0 = Release|ARM
		{6F018DFC-FF59-47E9-B272-8BD38C57AA73}.Release|iPhone.ActiveCfg = Release|x86
		{6F018DFC-FF59-47E9-B272-8BD38C57AA73}.Release|iPhone.Build.0 = Release|x86
		{6F018DFC-FF59-47E9-B272-8BD38C57AA73}.Release|iPhone.Deploy.0 = Release|x86
		{6F018DFC-FF59-47E9-B272-8BD38C57AA73}.Release|iPhoneSimulator.ActiveCfg = Release|x86
		{6F018DFC-FF59-47E9-B272-8BD38C57AA73}.Release|iPhoneSimulator.Build.0 = Release|x86
		{6F018DFC-FF59-47E9-B272-8BD38C57AA73}.Release|iPhoneSimulator.Deploy.0 = Release|x86
		{6F018DFC-FF59-47E9-B272-8BD38C57AA73}.Release|x64.ActiveCfg = Release|x64
		{6F018DFC-FF59-47E9-B272-8BD38C57AA73}.Release|x64.Build.0 = Release|x64
		{6F018DFC-FF59-47E9-B272-8BD38C57AA73}.Release|x64.Deploy.0 = Release|x64
		{6F018DFC-FF59-47E9-B272-8BD38C57AA73}.Release|x86.ActiveCfg = Release|x86
		{6F018DFC-FF59-47E9-B272-8BD38C57AA73}.Release|x86.Build.0 = Release|x86
		{6F018DFC-FF59-47E9-B272-8BD38C57AA73}.Release|x86.Deploy.0 = Release|x86
		{FED3AE09-B294-4736-B8BB-8229CC4914C9}.Debug|Any CPU.ActiveCfg = Debug|Any CPU
		{FED3AE09-B294-4736-B8BB-8229CC4914C9}.Debug|Any CPU.Build.0 = Debug|Any CPU
		{FED3AE09-B294-4736-B8BB-8229CC4914C9}.Debug|Any CPU.Deploy.0 = Debug|Any CPU
		{FED3AE09-B294-4736-B8BB-8229CC4914C9}.Debug|ARM.ActiveCfg = Debug|Any CPU
		{FED3AE09-B294-4736-B8BB-8229CC4914C9}.Debug|ARM.Build.0 = Debug|Any CPU
		{FED3AE09-B294-4736-B8BB-8229CC4914C9}.Debug|ARM.Deploy.0 = Debug|Any CPU
		{FED3AE09-B294-4736-B8BB-8229CC4914C9}.Debug|iPhone.ActiveCfg = Debug|Any CPU
		{FED3AE09-B294-4736-B8BB-8229CC4914C9}.Debug|iPhone.Build.0 = Debug|Any CPU
		{FED3AE09-B294-4736-B8BB-8229CC4914C9}.Debug|iPhone.Deploy.0 = Debug|Any CPU
		{FED3AE09-B294-4736-B8BB-8229CC4914C9}.Debug|iPhoneSimulator.ActiveCfg = Debug|Any CPU
		{FED3AE09-B294-4736-B8BB-8229CC4914C9}.Debug|iPhoneSimulator.Build.0 = Debug|Any CPU
		{FED3AE09-B294-4736-B8BB-8229CC4914C9}.Debug|iPhoneSimulator.Deploy.0 = Debug|Any CPU
		{FED3AE09-B294-4736-B8BB-8229CC4914C9}.Debug|x64.ActiveCfg = Debug|Any CPU
		{FED3AE09-B294-4736-B8BB-8229CC4914C9}.Debug|x64.Build.0 = Debug|Any CPU
		{FED3AE09-B294-4736-B8BB-8229CC4914C9}.Debug|x64.Deploy.0 = Debug|Any CPU
		{FED3AE09-B294-4736-B8BB-8229CC4914C9}.Debug|x86.ActiveCfg = Debug|Any CPU
		{FED3AE09-B294-4736-B8BB-8229CC4914C9}.Debug|x86.Build.0 = Debug|Any CPU
		{FED3AE09-B294-4736-B8BB-8229CC4914C9}.Debug|x86.Deploy.0 = Debug|Any CPU
		{FED3AE09-B294-4736-B8BB-8229CC4914C9}.Release|Any CPU.ActiveCfg = Release|Any CPU
		{FED3AE09-B294-4736-B8BB-8229CC4914C9}.Release|Any CPU.Build.0 = Release|Any CPU
		{FED3AE09-B294-4736-B8BB-8229CC4914C9}.Release|Any CPU.Deploy.0 = Release|Any CPU
		{FED3AE09-B294-4736-B8BB-8229CC4914C9}.Release|ARM.ActiveCfg = Release|Any CPU
		{FED3AE09-B294-4736-B8BB-8229CC4914C9}.Release|ARM.Build.0 = Release|Any CPU
		{FED3AE09-B294-4736-B8BB-8229CC4914C9}.Release|ARM.Deploy.0 = Release|Any CPU
		{FED3AE09-B294-4736-B8BB-8229CC4914C9}.Release|iPhone.ActiveCfg = Release|Any CPU
		{FED3AE09-B294-4736-B8BB-8229CC4914C9}.Release|iPhone.Build.0 = Release|Any CPU
		{FED3AE09-B294-4736-B8BB-8229CC4914C9}.Release|iPhone.Deploy.0 = Release|Any CPU
		{FED3AE09-B294-4736-B8BB-8229CC4914C9}.Release|iPhoneSimulator.ActiveCfg = Release|Any CPU
		{FED3AE09-B294-4736-B8BB-8229CC4914C9}.Release|iPhoneSimulator.Build.0 = Release|Any CPU
		{FED3AE09-B294-4736-B8BB-8229CC4914C9}.Release|iPhoneSimulator.Deploy.0 = Release|Any CPU
		{FED3AE09-B294-4736-B8BB-8229CC4914C9}.Release|x64.ActiveCfg = Release|Any CPU
		{FED3AE09-B294-4736-B8BB-8229CC4914C9}.Release|x64.Build.0 = Release|Any CPU
		{FED3AE09-B294-4736-B8BB-8229CC4914C9}.Release|x64.Deploy.0 = Release|Any CPU
		{FED3AE09-B294-4736-B8BB-8229CC4914C9}.Release|x86.ActiveCfg = Release|Any CPU
		{FED3AE09-B294-4736-B8BB-8229CC4914C9}.Release|x86.Build.0 = Release|Any CPU
		{FED3AE09-B294-4736-B8BB-8229CC4914C9}.Release|x86.Deploy.0 = Release|Any CPU
	EndGlobalSection
	GlobalSection(SolutionProperties) = preSolution
		HideSolutionNode = FALSE
	EndGlobalSection
	GlobalSection(ExtensibilityGlobals) = postSolution
		SolutionGuid = {40421B3D-41D2-44DD-9A07-EF3303E296D0}
	EndGlobalSection
EndGlobal
