
Microsoft Visual Studio Solution File, Format Version 12.00
# Visual Studio 15
VisualStudioVersion = 15.0.26228.9
MinimumVisualStudioVersion = 10.0.40219.1
Project("{2150E333-8FDC-42A3-9474-1A3956D46DE8}") = "NET20", "NET20", "{24D89B21-ACF1-45A2-8E80-455AFA46EC90}"
EndProject
Project("{FAE04EC0-301F-11D3-BF4B-00C04F79EFBC}") = "SharpConnect.WebServer", "NET20\SharpConnect.WebServer\SharpConnect.WebServer.csproj", "{9960A15C-791D-4978-992F-69506CBCF2C7}"
EndProject
Project("{FAE04EC0-301F-11D3-BF4B-00C04F79EFBC}") = "WebServerApp", "NET20\WebServerApp\WebServerApp.csproj", "{A6BEB3E5-0BBE-4DEF-9E20-2C35B61AABEF}"
EndProject
Project("{FAE04EC0-301F-11D3-BF4B-00C04F79EFBC}") = "Test2", "Test2\Test2.csproj", "{448EBD0D-1A9C-4175-898B-B46E1CC155BB}"
EndProject
Project("{FAE04EC0-301F-11D3-BF4B-00C04F79EFBC}") = "SharpConnect.MySql", "..\..\Mysql\projects\SharpConnect.MySql\src\SharpConnect.MySql.Net20\SharpConnect.MySql.csproj", "{94D01EDE-0499-422F-8081-90D94AD163FA}"
EndProject
Global
	GlobalSection(SolutionConfigurationPlatforms) = preSolution
		Debug|Any CPU = Debug|Any CPU
		Debug|x64 = Debug|x64
		Debug|x86 = Debug|x86
		Release|Any CPU = Release|Any CPU
		Release|x64 = Release|x64
		Release|x86 = Release|x86
		Trace|Any CPU = Trace|Any CPU
		Trace|x64 = Trace|x64
		Trace|x86 = Trace|x86
		x86|Any CPU = x86|Any CPU
		x86|x64 = x86|x64
		x86|x86 = x86|x86
	EndGlobalSection
	GlobalSection(ProjectConfigurationPlatforms) = postSolution
		{9960A15C-791D-4978-992F-69506CBCF2C7}.Debug|Any CPU.ActiveCfg = Debug|Any CPU
		{9960A15C-791D-4978-992F-69506CBCF2C7}.Debug|Any CPU.Build.0 = Debug|Any CPU
		{9960A15C-791D-4978-992F-69506CBCF2C7}.Debug|x64.ActiveCfg = Debug|Any CPU
		{9960A15C-791D-4978-992F-69506CBCF2C7}.Debug|x64.Build.0 = Debug|Any CPU
		{9960A15C-791D-4978-992F-69506CBCF2C7}.Debug|x86.ActiveCfg = Debug|Any CPU
		{9960A15C-791D-4978-992F-69506CBCF2C7}.Debug|x86.Build.0 = Debug|Any CPU
		{9960A15C-791D-4978-992F-69506CBCF2C7}.Release|Any CPU.ActiveCfg = Release|Any CPU
		{9960A15C-791D-4978-992F-69506CBCF2C7}.Release|Any CPU.Build.0 = Release|Any CPU
		{9960A15C-791D-4978-992F-69506CBCF2C7}.Release|x64.ActiveCfg = Release|Any CPU
		{9960A15C-791D-4978-992F-69506CBCF2C7}.Release|x64.Build.0 = Release|Any CPU
		{9960A15C-791D-4978-992F-69506CBCF2C7}.Release|x86.ActiveCfg = Release|Any CPU
		{9960A15C-791D-4978-992F-69506CBCF2C7}.Release|x86.Build.0 = Release|Any CPU
		{9960A15C-791D-4978-992F-69506CBCF2C7}.Trace|Any CPU.ActiveCfg = Release|Any CPU
		{9960A15C-791D-4978-992F-69506CBCF2C7}.Trace|Any CPU.Build.0 = Release|Any CPU
		{9960A15C-791D-4978-992F-69506CBCF2C7}.Trace|x64.ActiveCfg = Release|Any CPU
		{9960A15C-791D-4978-992F-69506CBCF2C7}.Trace|x64.Build.0 = Release|Any CPU
		{9960A15C-791D-4978-992F-69506CBCF2C7}.Trace|x86.ActiveCfg = Release|Any CPU
		{9960A15C-791D-4978-992F-69506CBCF2C7}.Trace|x86.Build.0 = Release|Any CPU
		{9960A15C-791D-4978-992F-69506CBCF2C7}.x86|Any CPU.ActiveCfg = Release|Any CPU
		{9960A15C-791D-4978-992F-69506CBCF2C7}.x86|Any CPU.Build.0 = Release|Any CPU
		{9960A15C-791D-4978-992F-69506CBCF2C7}.x86|x64.ActiveCfg = Release|Any CPU
		{9960A15C-791D-4978-992F-69506CBCF2C7}.x86|x64.Build.0 = Release|Any CPU
		{9960A15C-791D-4978-992F-69506CBCF2C7}.x86|x86.ActiveCfg = Release|Any CPU
		{9960A15C-791D-4978-992F-69506CBCF2C7}.x86|x86.Build.0 = Release|Any CPU
		{A6BEB3E5-0BBE-4DEF-9E20-2C35B61AABEF}.Debug|Any CPU.ActiveCfg = Debug|x86
		{A6BEB3E5-0BBE-4DEF-9E20-2C35B61AABEF}.Debug|Any CPU.Build.0 = Debug|x86
		{A6BEB3E5-0BBE-4DEF-9E20-2C35B61AABEF}.Debug|x64.ActiveCfg = Debug|x86
		{A6BEB3E5-0BBE-4DEF-9E20-2C35B61AABEF}.Debug|x86.ActiveCfg = Debug|x86
		{A6BEB3E5-0BBE-4DEF-9E20-2C35B61AABEF}.Debug|x86.Build.0 = Debug|x86
		{A6BEB3E5-0BBE-4DEF-9E20-2C35B61AABEF}.Release|Any CPU.ActiveCfg = Release|x86
		{A6BEB3E5-0BBE-4DEF-9E20-2C35B61AABEF}.Release|x64.ActiveCfg = Release|x86
		{A6BEB3E5-0BBE-4DEF-9E20-2C35B61AABEF}.Release|x86.ActiveCfg = Release|x86
		{A6BEB3E5-0BBE-4DEF-9E20-2C35B61AABEF}.Release|x86.Build.0 = Release|x86
		{A6BEB3E5-0BBE-4DEF-9E20-2C35B61AABEF}.Trace|Any CPU.ActiveCfg = Release|x86
		{A6BEB3E5-0BBE-4DEF-9E20-2C35B61AABEF}.Trace|Any CPU.Build.0 = Release|x86
		{A6BEB3E5-0BBE-4DEF-9E20-2C35B61AABEF}.Trace|x64.ActiveCfg = Release|x86
		{A6BEB3E5-0BBE-4DEF-9E20-2C35B61AABEF}.Trace|x64.Build.0 = Release|x86
		{A6BEB3E5-0BBE-4DEF-9E20-2C35B61AABEF}.Trace|x86.ActiveCfg = Release|x86
		{A6BEB3E5-0BBE-4DEF-9E20-2C35B61AABEF}.Trace|x86.Build.0 = Release|x86
		{A6BEB3E5-0BBE-4DEF-9E20-2C35B61AABEF}.x86|Any CPU.ActiveCfg = Release|x86
		{A6BEB3E5-0BBE-4DEF-9E20-2C35B61AABEF}.x86|Any CPU.Build.0 = Release|x86
		{A6BEB3E5-0BBE-4DEF-9E20-2C35B61AABEF}.x86|x64.ActiveCfg = Release|x86
		{A6BEB3E5-0BBE-4DEF-9E20-2C35B61AABEF}.x86|x64.Build.0 = Release|x86
		{A6BEB3E5-0BBE-4DEF-9E20-2C35B61AABEF}.x86|x86.ActiveCfg = Release|x86
		{A6BEB3E5-0BBE-4DEF-9E20-2C35B61AABEF}.x86|x86.Build.0 = Release|x86
		{448EBD0D-1A9C-4175-898B-B46E1CC155BB}.Debug|Any CPU.ActiveCfg = Debug|Any CPU
		{448EBD0D-1A9C-4175-898B-B46E1CC155BB}.Debug|Any CPU.Build.0 = Debug|Any CPU
		{448EBD0D-1A9C-4175-898B-B46E1CC155BB}.Debug|x64.ActiveCfg = Debug|Any CPU
		{448EBD0D-1A9C-4175-898B-B46E1CC155BB}.Debug|x64.Build.0 = Debug|Any CPU
		{448EBD0D-1A9C-4175-898B-B46E1CC155BB}.Debug|x86.ActiveCfg = Debug|Any CPU
		{448EBD0D-1A9C-4175-898B-B46E1CC155BB}.Debug|x86.Build.0 = Debug|Any CPU
		{448EBD0D-1A9C-4175-898B-B46E1CC155BB}.Release|Any CPU.ActiveCfg = Release|Any CPU
		{448EBD0D-1A9C-4175-898B-B46E1CC155BB}.Release|Any CPU.Build.0 = Release|Any CPU
		{448EBD0D-1A9C-4175-898B-B46E1CC155BB}.Release|x64.ActiveCfg = Release|Any CPU
		{448EBD0D-1A9C-4175-898B-B46E1CC155BB}.Release|x64.Build.0 = Release|Any CPU
		{448EBD0D-1A9C-4175-898B-B46E1CC155BB}.Release|x86.ActiveCfg = Release|Any CPU
		{448EBD0D-1A9C-4175-898B-B46E1CC155BB}.Release|x86.Build.0 = Release|Any CPU
		{448EBD0D-1A9C-4175-898B-B46E1CC155BB}.Trace|Any CPU.ActiveCfg = Release|Any CPU
		{448EBD0D-1A9C-4175-898B-B46E1CC155BB}.Trace|Any CPU.Build.0 = Release|Any CPU
		{448EBD0D-1A9C-4175-898B-B46E1CC155BB}.Trace|x64.ActiveCfg = Release|Any CPU
		{448EBD0D-1A9C-4175-898B-B46E1CC155BB}.Trace|x64.Build.0 = Release|Any CPU
		{448EBD0D-1A9C-4175-898B-B46E1CC155BB}.Trace|x86.ActiveCfg = Release|Any CPU
		{448EBD0D-1A9C-4175-898B-B46E1CC155BB}.Trace|x86.Build.0 = Release|Any CPU
		{448EBD0D-1A9C-4175-898B-B46E1CC155BB}.x86|Any CPU.ActiveCfg = Release|Any CPU
		{448EBD0D-1A9C-4175-898B-B46E1CC155BB}.x86|Any CPU.Build.0 = Release|Any CPU
		{448EBD0D-1A9C-4175-898B-B46E1CC155BB}.x86|x64.ActiveCfg = Release|Any CPU
		{448EBD0D-1A9C-4175-898B-B46E1CC155BB}.x86|x64.Build.0 = Release|Any CPU
		{448EBD0D-1A9C-4175-898B-B46E1CC155BB}.x86|x86.ActiveCfg = Release|Any CPU
		{448EBD0D-1A9C-4175-898B-B46E1CC155BB}.x86|x86.Build.0 = Release|Any CPU
		{94D01EDE-0499-422F-8081-90D94AD163FA}.Debug|Any CPU.ActiveCfg = Debug|Any CPU
		{94D01EDE-0499-422F-8081-90D94AD163FA}.Debug|Any CPU.Build.0 = Debug|Any CPU
		{94D01EDE-0499-422F-8081-90D94AD163FA}.Debug|x64.ActiveCfg = Debug|Any CPU
		{94D01EDE-0499-422F-8081-90D94AD163FA}.Debug|x64.Build.0 = Debug|Any CPU
		{94D01EDE-0499-422F-8081-90D94AD163FA}.Debug|x86.ActiveCfg = Debug|x86
		{94D01EDE-0499-422F-8081-90D94AD163FA}.Debug|x86.Build.0 = Debug|x86
		{94D01EDE-0499-422F-8081-90D94AD163FA}.Release|Any CPU.ActiveCfg = Release|Any CPU
		{94D01EDE-0499-422F-8081-90D94AD163FA}.Release|Any CPU.Build.0 = Release|Any CPU
		{94D01EDE-0499-422F-8081-90D94AD163FA}.Release|x64.ActiveCfg = Release|Any CPU
		{94D01EDE-0499-422F-8081-90D94AD163FA}.Release|x64.Build.0 = Release|Any CPU
		{94D01EDE-0499-422F-8081-90D94AD163FA}.Release|x86.ActiveCfg = Release|x86
		{94D01EDE-0499-422F-8081-90D94AD163FA}.Release|x86.Build.0 = Release|x86
		{94D01EDE-0499-422F-8081-90D94AD163FA}.Trace|Any CPU.ActiveCfg = Release|Any CPU
		{94D01EDE-0499-422F-8081-90D94AD163FA}.Trace|Any CPU.Build.0 = Release|Any CPU
		{94D01EDE-0499-422F-8081-90D94AD163FA}.Trace|x64.ActiveCfg = Release|Any CPU
		{94D01EDE-0499-422F-8081-90D94AD163FA}.Trace|x64.Build.0 = Release|Any CPU
		{94D01EDE-0499-422F-8081-90D94AD163FA}.Trace|x86.ActiveCfg = Release|x86
		{94D01EDE-0499-422F-8081-90D94AD163FA}.Trace|x86.Build.0 = Release|x86
		{94D01EDE-0499-422F-8081-90D94AD163FA}.x86|Any CPU.ActiveCfg = x86|Any CPU
		{94D01EDE-0499-422F-8081-90D94AD163FA}.x86|Any CPU.Build.0 = x86|Any CPU
		{94D01EDE-0499-422F-8081-90D94AD163FA}.x86|x64.ActiveCfg = x86|Any CPU
		{94D01EDE-0499-422F-8081-90D94AD163FA}.x86|x64.Build.0 = x86|Any CPU
		{94D01EDE-0499-422F-8081-90D94AD163FA}.x86|x86.ActiveCfg = x86|x86
		{94D01EDE-0499-422F-8081-90D94AD163FA}.x86|x86.Build.0 = x86|x86
	EndGlobalSection
	GlobalSection(SolutionProperties) = preSolution
		HideSolutionNode = FALSE
	EndGlobalSection
	GlobalSection(NestedProjects) = preSolution
		{9960A15C-791D-4978-992F-69506CBCF2C7} = {24D89B21-ACF1-45A2-8E80-455AFA46EC90}
		{A6BEB3E5-0BBE-4DEF-9E20-2C35B61AABEF} = {24D89B21-ACF1-45A2-8E80-455AFA46EC90}
	EndGlobalSection
	GlobalSection(ExtensibilityGlobals) = postSolution
		SolutionGuid = {66CBCF59-ECA7-4C6C-A680-EC68FD0E042A}
	EndGlobalSection
EndGlobal
